// !$*UTF8*$!
{
	archiveVersion = 1;
	classes = {
	};
	objectVersion = 50;
	objects = {

/* Begin PBXBuildFile section */
		87F25D6E26D00C280001DCAD /* AppDelegate.swift in Sources */ = {isa = PBXBuildFile; fileRef = 87F25D6D26D00C280001DCAD /* AppDelegate.swift */; };
		87F25D7026D00C280001DCAD /* SceneDelegate.swift in Sources */ = {isa = PBXBuildFile; fileRef = 87F25D6F26D00C280001DCAD /* SceneDelegate.swift */; };
		87F25D7226D00C280001DCAD /* ViewController.swift in Sources */ = {isa = PBXBuildFile; fileRef = 87F25D7126D00C280001DCAD /* ViewController.swift */; };
		87F25D7526D00C280001DCAD /* Main.storyboard in Resources */ = {isa = PBXBuildFile; fileRef = 87F25D7326D00C280001DCAD /* Main.storyboard */; };
		87F25D7726D00C290001DCAD /* Assets.xcassets in Resources */ = {isa = PBXBuildFile; fileRef = 87F25D7626D00C290001DCAD /* Assets.xcassets */; };
		87F25D7A26D00C290001DCAD /* LaunchScreen.storyboard in Resources */ = {isa = PBXBuildFile; fileRef = 87F25D7826D00C290001DCAD /* LaunchScreen.storyboard */; };
		87F25D8226D011A30001DCAD /* ChatMessageTableViewCell.swift in Sources */ = {isa = PBXBuildFile; fileRef = 87F25D8126D011A30001DCAD /* ChatMessageTableViewCell.swift */; };
/* End PBXBuildFile section */

/* Begin PBXFileReference section */
		87F25D6A26D00C280001DCAD /* GroupMessages_.app */ = {isa = PBXFileReference; explicitFileType = wrapper.application; includeInIndex = 0; path = GroupMessages_.app; sourceTree = BUILT_PRODUCTS_DIR; };
		87F25D6D26D00C280001DCAD /* AppDelegate.swift */ = {isa = PBXFileReference; lastKnownFileType = sourcecode.swift; path = AppDelegate.swift; sourceTree = "<group>"; };
		87F25D6F26D00C280001DCAD /* SceneDelegate.swift */ = {isa = PBXFileReference; lastKnownFileType = sourcecode.swift; path = SceneDelegate.swift; sourceTree = "<group>"; };
		87F25D7126D00C280001DCAD /* ViewController.swift */ = {isa = PBXFileReference; lastKnownFileType = sourcecode.swift; path = ViewController.swift; sourceTree = "<group>"; };
		87F25D7426D00C280001DCAD /* Base */ = {isa = PBXFileReference; lastKnownFileType = file.storyboard; name = Base; path = Base.lproj/Main.storyboard; sourceTree = "<group>"; };
		87F25D7626D00C290001DCAD /* Assets.xcassets */ = {isa = PBXFileReference; lastKnownFileType = folder.assetcatalog; path = Assets.xcassets; sourceTree = "<group>"; };
		87F25D7926D00C290001DCAD /* Base */ = {isa = PBXFileReference; lastKnownFileType = file.storyboard; name = Base; path = Base.lproj/LaunchScreen.storyboard; sourceTree = "<group>"; };
		87F25D7B26D00C290001DCAD /* Info.plist */ = {isa = PBXFileReference; lastKnownFileType = text.plist.xml; path = Info.plist; sourceTree = "<group>"; };
		87F25D8126D011A30001DCAD /* ChatMessageTableViewCell.swift */ = {isa = PBXFileReference; lastKnownFileType = sourcecode.swift; path = ChatMessageTableViewCell.swift; sourceTree = "<group>"; };
/* End PBXFileReference section */

/* Begin PBXFrameworksBuildPhase section */
		87F25D6726D00C280001DCAD /* Frameworks */ = {
			isa = PBXFrameworksBuildPhase;
			buildActionMask = 2147483647;
			files = (
			);
			runOnlyForDeploymentPostprocessing = 0;
		};
/* End PBXFrameworksBuildPhase section */

/* Begin PBXGroup section */
		87F25D6126D00C280001DCAD = {
			isa = PBXGroup;
			children = (
				87F25D6C26D00C280001DCAD /* GroupMessages_ */,
				87F25D6B26D00C280001DCAD /* Products */,
			);
			sourceTree = "<group>";
		};
		87F25D6B26D00C280001DCAD /* Products */ = {
			isa = PBXGroup;
			children = (
				87F25D6A26D00C280001DCAD /* GroupMessages_.app */,
			);
			name = Products;
			sourceTree = "<group>";
		};
		87F25D6C26D00C280001DCAD /* GroupMessages_ */ = {
			isa = PBXGroup;
			children = (
				87F25D6D26D00C280001DCAD /* AppDelegate.swift */,
				87F25D6F26D00C280001DCAD /* SceneDelegate.swift */,
				87F25D7126D00C280001DCAD /* ViewController.swift */,
				87F25D7326D00C280001DCAD /* Main.storyboard */,
				87F25D7626D00C290001DCAD /* Assets.xcassets */,
				87F25D7826D00C290001DCAD /* LaunchScreen.storyboard */,
				87F25D7B26D00C290001DCAD /* Info.plist */,
				87F25D8126D011A30001DCAD /* ChatMessageTableViewCell.swift */,
			);
			path = GroupMessages_;
			sourceTree = "<group>";
		};
/* End PBXGroup section */

/* Begin PBXNativeTarget section */
		87F25D6926D00C280001DCAD /* GroupMessages_ */ = {
			isa = PBXNativeTarget;
			buildConfigurationList = 87F25D7E26D00C290001DCAD /* Build configuration list for PBXNativeTarget "GroupMessages_" */;
			buildPhases = (
				87F25D6626D00C280001DCAD /* Sources */,
				87F25D6726D00C280001DCAD /* Frameworks */,
				87F25D6826D00C280001DCAD /* Resources */,
			);
			buildRules = (
			);
			dependencies = (
			);
			name = GroupMessages_;
			productName = GroupMessages_;
			productReference = 87F25D6A26D00C280001DCAD /* GroupMessages_.app */;
			productType = "com.apple.product-type.application";
		};
/* End PBXNativeTarget section */

/* Begin PBXProject section */
		87F25D6226D00C280001DCAD /* Project object */ = {
			isa = PBXProject;
			attributes = {
				LastSwiftUpdateCheck = 1250;
				LastUpgradeCheck = 1250;
				TargetAttributes = {
					87F25D6926D00C280001DCAD = {
						CreatedOnToolsVersion = 12.5.1;
					};
				};
			};
			buildConfigurationList = 87F25D6526D00C280001DCAD /* Build configuration list for PBXProject "GroupMessages_" */;
			compatibilityVersion = "Xcode 9.3";
			developmentRegion = en;
			hasScannedForEncodings = 0;
			knownRegions = (
				en,
				Base,
			);
			mainGroup = 87F25D6126D00C280001DCAD;
			productRefGroup = 87F25D6B26D00C280001DCAD /* Products */;
			projectDirPath = "";
			projectRoot = "";
			targets = (
				87F25D6926D00C280001DCAD /* GroupMessages_ */,
			);
		};
/* End PBXProject section */

/* Begin PBXResourcesBuildPhase section */
		87F25D6826D00C280001DCAD /* Resources */ = {
			isa = PBXResourcesBuildPhase;
			buildActionMask = 2147483647;
			files = (
				87F25D7A26D00C290001DCAD /* LaunchScreen.storyboard in Resources */,
				87F25D7726D00C290001DCAD /* Assets.xcassets in Resources */,
				87F25D7526D00C280001DCAD /* Main.storyboard in Resources */,
			);
			runOnlyForDeploymentPostprocessing = 0;
		};
/* End PBXResourcesBuildPhase section */

/* Begin PBXSourcesBuildPhase section */
		87F25D6626D00C280001DCAD /* Sources */ = {
			isa = PBXSourcesBuildPhase;
			buildActionMask = 2147483647;
			files = (
				87F25D7226D00C280001DCAD /* ViewController.swift in Sources */,
				87F25D8226D011A30001DCAD /* ChatMessageTableViewCell.swift in Sources */,
				87F25D6E26D00C280001DCAD /* AppDelegate.swift in Sources */,
				87F25D7026D00C280001DCAD /* SceneDelegate.swift in Sources */,
			);
			runOnlyForDeploymentPostprocessing = 0;
		};
/* End PBXSourcesBuildPhase section */

/* Begin PBXVariantGroup section */
		87F25D7326D00C280001DCAD /* Main.storyboard */ = {
			isa = PBXVariantGroup;
			children = (
				87F25D7426D00C280001DCAD /* Base */,
			);
			name = Main.storyboard;
			sourceTree = "<group>";
		};
		87F25D7826D00C290001DCAD /* LaunchScreen.storyboard */ = {
			isa = PBXVariantGroup;
			children = (
				87F25D7926D00C290001DCAD /* Base */,
			);
			name = LaunchScreen.storyboard;
			sourceTree = "<group>";
		};
/* End PBXVariantGroup section */

/* Begin XCBuildConfiguration section */
		87F25D7C26D00C290001DCAD /* Debug */ = {
			isa = XCBuildConfiguration;
			buildSettings = {
				ALWAYS_SEARCH_USER_PATHS = NO;
				CLANG_ANALYZER_NONNULL = YES;
				CLANG_ANALYZER_NUMBER_OBJECT_CONVERSION = YES_AGGRESSIVE;
				CLANG_CXX_LANGUAGE_STANDARD = "gnu++14";
				CLANG_CXX_LIBRARY = "libc++";
				CLANG_ENABLE_MODULES = YES;
				CLANG_ENABLE_OBJC_ARC = YES;
				CLANG_ENABLE_OBJC_WEAK = YES;
				CLANG_WARN_BLOCK_CAPTURE_AUTORELEASING = YES;
				CLANG_WARN_BOOL_CONVERSION = YES;
				CLANG_WARN_COMMA = YES;
				CLANG_WARN_CONSTANT_CONVERSION = YES;
				CLANG_WARN_DEPRECATED_OBJC_IMPLEMENTATIONS = YES;
				CLANG_WARN_DIRECT_OBJC_ISA_USAGE = YES_ERROR;
				CLANG_WARN_DOCUMENTATION_COMMENTS = YES;
				CLANG_WARN_EMPTY_BODY = YES;
				CLANG_WARN_ENUM_CONVERSION = YES;
				CLANG_WARN_INFINITE_RECURSION = YES;
				CLANG_WARN_INT_CONVERSION = YES;
				CLANG_WARN_NON_LITERAL_NULL_CONVERSION = YES;
				CLANG_WARN_OBJC_IMPLICIT_RETAIN_SELF = YES;
				CLANG_WARN_OBJC_LITERAL_CONVERSION = YES;
				CLANG_WARN_OBJC_ROOT_CLASS = YES_ERROR;
				CLANG_WARN_QUOTED_INCLUDE_IN_FRAMEWORK_HEADER = YES;
				CLANG_WARN_RANGE_LOOP_ANALYSIS = YES;
				CLANG_WARN_STRICT_PROTOTYPES = YES;
				CLANG_WARN_SUSPICIOUS_MOVE = YES;
				CLANG_WARN_UNGUARDED_AVAILABILITY = YES_AGGRESSIVE;
				CLANG_WARN_UNREACHABLE_CODE = YES;
				CLANG_WARN__DUPLICATE_METHOD_MATCH = YES;
				COPY_PHASE_STRIP = NO;
				DEBUG_INFORMATION_FORMAT = dwarf;
				ENABLE_STRICT_OBJC_MSGSEND = YES;
				ENABLE_TESTABILITY = YES;
				GCC_C_LANGUAGE_STANDARD = gnu11;
				GCC_DYNAMIC_NO_PIC = NO;
				GCC_NO_COMMON_BLOCKS = YES;
				GCC_OPTIMIZATION_LEVEL = 0;
				GCC_PREPROCESSOR_DEFINITIONS = (
					"DEBUG=1",
					"$(inherited)",
				);
				GCC_WARN_64_TO_32_BIT_CONVERSION = YES;
				GCC_WARN_ABOUT_RETURN_TYPE = YES_ERROR;
				GCC_WARN_UNDECLARED_SELECTOR = YES;
				GCC_WARN_UNINITIALIZED_AUTOS = YES_AGGRESSIVE;
				GCC_WARN_UNUSED_FUNCTION = YES;
				GCC_WARN_UNUSED_VARIABLE = YES;
				IPHONEOS_DEPLOYMENT_TARGET = 14.3;
				MTL_ENABLE_DEBUG_INFO = INCLUDE_SOURCE;
				MTL_FAST_MATH = YES;
				ONLY_ACTIVE_ARCH = YES;
				SDKROOT = iphoneos;
				SWIFT_ACTIVE_COMPILATION_CONDITIONS = DEBUG;
				SWIFT_OPTIMIZATION_LEVEL = "-Onone";
			};
			name = Debug;
		};
		87F25D7D26D00C290001DCAD /* Release */ = {
			isa = XCBuildConfiguration;
			buildSettings = {
				ALWAYS_SEARCH_USER_PATHS = NO;
				CLANG_ANALYZER_NONNULL = YES;
				CLANG_ANALYZER_NUMBER_OBJECT_CONVERSION = YES_AGGRESSIVE;
				CLANG_CXX_LANGUAGE_STANDARD = "gnu++14";
				CLANG_CXX_LIBRARY = "libc++";
				CLANG_ENABLE_MODULES = YES;
				CLANG_ENABLE_OBJC_ARC = YES;
				CLANG_ENABLE_OBJC_WEAK = YES;
				CLANG_WARN_BLOCK_CAPTURE_AUTORELEASING = YES;
				CLANG_WARN_BOOL_CONVERSION = YES;
				CLANG_WARN_COMMA = YES;
				CLANG_WARN_CONSTANT_CONVERSION = YES;
				CLANG_WARN_DEPRECATED_OBJC_IMPLEMENTATIONS = YES;
				CLANG_WARN_DIRECT_OBJC_ISA_USAGE = YES_ERROR;
				CLANG_WARN_DOCUMENTATION_COMMENTS = YES;
				CLANG_WARN_EMPTY_BODY = YES;
				CLANG_WARN_ENUM_CONVERSION = YES;
				CLANG_WARN_INFINITE_RECURSION = YES;
				CLANG_WARN_INT_CONVERSION = YES;
				CLANG_WARN_NON_LITERAL_NULL_CONVERSION = YES;
				CLANG_WARN_OBJC_IMPLICIT_RETAIN_SELF = YES;
				CLANG_WARN_OBJC_LITERAL_CONVERSION = YES;
				CLANG_WARN_OBJC_ROOT_CLASS = YES_ERROR;
				CLANG_WARN_QUOTED_INCLUDE_IN_FRAMEWORK_HEADER = YES;
				CLANG_WARN_RANGE_LOOP_ANALYSIS = YES;
				CLANG_WARN_STRICT_PROTOTYPES = YES;
				CLANG_WARN_SUSPICIOUS_MOVE = YES;
				CLANG_WARN_UNGUARDED_AVAILABILITY = YES_AGGRESSIVE;
				CLANG_WARN_UNREACHABLE_CODE = YES;
				CLANG_WARN__DUPLICATE_METHOD_MATCH = YES;
				COPY_PHASE_STRIP = NO;
				DEBUG_INFORMATION_FORMAT = "dwarf-with-dsym";
				ENABLE_NS_ASSERTIONS = NO;
				ENABLE_STRICT_OBJC_MSGSEND = YES;
				GCC_C_LANGUAGE_STANDARD = gnu11;
				GCC_NO_COMMON_BLOCKS = YES;
				GCC_WARN_64_TO_32_BIT_CONVERSION = YES;
				GCC_WARN_ABOUT_RETURN_TYPE = YES_ERROR;
				GCC_WARN_UNDECLARED_SELECTOR = YES;
				GCC_WARN_UNINITIALIZED_AUTOS = YES_AGGRESSIVE;
				GCC_WARN_UNUSED_FUNCTION = YES;
				GCC_WARN_UNUSED_VARIABLE = YES;
				IPHONEOS_DEPLOYMENT_TARGET = 14.3;
				MTL_ENABLE_DEBUG_INFO = NO;
				MTL_FAST_MATH = YES;
				SDKROOT = iphoneos;
				SWIFT_COMPILATION_MODE = wholemodule;
				SWIFT_OPTIMIZATION_LEVEL = "-O";
				VALIDATE_PRODUCT = YES;
			};
			name = Release;
		};
		87F25D7F26D00C290001DCAD /* Debug */ = {
			isa = XCBuildConfiguration;
			buildSettings = {
				ASSETCATALOG_COMPILER_APPICON_NAME = AppIcon;
				ASSETCATALOG_COMPILER_GLOBAL_ACCENT_COLOR_NAME = AccentColor;
				CODE_SIGN_STYLE = Automatic;
				INFOPLIST_FILE = GroupMessages_/Info.plist;
				LD_RUNPATH_SEARCH_PATHS = (
					"$(inherited)",
					"@executable_path/Frameworks",
				);
				PRODUCT_BUNDLE_IDENTIFIER = "fzapata.GroupMessages-";
				PRODUCT_NAME = "$(TARGET_NAME)";
				SWIFT_VERSION = 5.0;
				TARGETED_DEVICE_FAMILY = "1,2";
			};
			name = Debug;
		};
		87F25D8026D00C290001DCAD /* Release */ = {
			isa = XCBuildConfiguration;
			buildSettings = {
				ASSETCATALOG_COMPILER_APPICON_NAME = AppIcon;
				ASSETCATALOG_COMPILER_GLOBAL_ACCENT_COLOR_NAME = AccentColor;
				CODE_SIGN_STYLE = Automatic;
				INFOPLIST_FILE = GroupMessages_/Info.plist;
				LD_RUNPATH_SEARCH_PATHS = (
					"$(inherited)",
					"@executable_path/Frameworks",
				);
				PRODUCT_BUNDLE_IDENTIFIER = "fzapata.GroupMessages-";
				PRODUCT_NAME = "$(TARGET_NAME)";
				SWIFT_VERSION = 5.0;
				TARGETED_DEVICE_FAMILY = "1,2";
			};
			name = Release;
		};
/* End XCBuildConfiguration section */

/* Begin XCConfigurationList section */
		87F25D6526D00C280001DCAD /* Build configuration list for PBXProject "GroupMessages_" */ = {
			isa = XCConfigurationList;
			buildConfigurations = (
				87F25D7C26D00C290001DCAD /* Debug */,
				87F25D7D26D00C290001DCAD /* Release */,
			);
			defaultConfigurationIsVisible = 0;
			defaultConfigurationName = Release;
		};
		87F25D7E26D00C290001DCAD /* Build configuration list for PBXNativeTarget "GroupMessages_" */ = {
			isa = XCConfigurationList;
			buildConfigurations = (
				87F25D7F26D00C290001DCAD /* Debug */,
				87F25D8026D00C290001DCAD /* Release */,
			);
			defaultConfigurationIsVisible = 0;
			defaultConfigurationName = Release;
		};
/* End XCConfigurationList section */
	};
	rootObject = 87F25D6226D00C280001DCAD /* Project object */;
}
